<?xml version="1.0" encoding="utf-8"?>
<Project ToolsVersion="4.0" xmlns="http://schemas.microsoft.com/developer/msbuild/2003">
  <ItemGroup>
    <Filter Include="源文件">
      <UniqueIdentifier>{4FC737F1-C7A5-4376-A066-2A32D752A2FF}</UniqueIdentifier>
      <Extensions>cpp;c;cc;cxx;def;odl;idl;hpj;bat;asm;asmx</Extensions>
    </Filter>
    <Filter Include="头文件">
      <UniqueIdentifier>{93995380-89BD-4b04-88EB-625FBE52EBFB}</UniqueIdentifier>
      <Extensions>h;hh;hpp;hxx;hm;inl;inc;xsd</Extensions>
    </Filter>
    <Filter Include="资源文件">
      <UniqueIdentifier>{67DA6AB6-F800-4c08-8B7A-83BB121AAD01}</UniqueIdentifier>
      <Extensions>rc;ico;cur;bmp;dlg;rc2;rct;bin;rgs;gif;jpg;jpeg;jpe;resx;tiff;tif;png;wav;mfcribbon-ms</Extensions>
    </Filter>
    <Filter Include="commitlog">
      <UniqueIdentifier>{79e3b942-14af-4c41-bc4f-053147d88f6b}</UniqueIdentifier>
    </Filter>
    <Filter Include="db">
      <UniqueIdentifier>{49d576f6-65f2-41c1-9d27-032359def1cc}</UniqueIdentifier>
    </Filter>
    <Filter Include="expr">
      <UniqueIdentifier>{223ef681-a4d0-4f0c-8930-1d07b562ed61}</UniqueIdentifier>
    </Filter>
    <Filter Include="include">
      <UniqueIdentifier>{41ab8796-b79b-4fb9-a94c-83e8ca187587}</UniqueIdentifier>
    </Filter>
    <Filter Include="port">
      <UniqueIdentifier>{de35b22a-7dd2-4b3b-b4fb-968abba07c93}</UniqueIdentifier>
    </Filter>
    <Filter Include="query">
      <UniqueIdentifier>{0e88b1ce-d650-4e79-b657-1f50b509857d}</UniqueIdentifier>
    </Filter>
    <Filter Include="server">
      <UniqueIdentifier>{23681c1f-2f0c-4dfc-a9bf-74220f8ada73}</UniqueIdentifier>
    </Filter>
    <Filter Include="storage">
      <UniqueIdentifier>{166af1d5-fecd-4492-8c7f-f55949f92104}</UniqueIdentifier>
    </Filter>
    <Filter Include="table">
      <UniqueIdentifier>{a65869ad-db25-4208-8224-dafccee11a9e}</UniqueIdentifier>
    </Filter>
    <Filter Include="util">
      <UniqueIdentifier>{b8371133-b3d2-48eb-aca3-7d2c405c1d10}</UniqueIdentifier>
    </Filter>
  </ItemGroup>
  <ItemGroup>
    <ClInclude Include="commitlog\commit_log_block.h">
      <Filter>commitlog</Filter>
    </ClInclude>
    <ClInclude Include="commitlog\commit_log_file.h">
      <Filter>commitlog</Filter>
    </ClInclude>
    <ClInclude Include="commitlog\commit_log_list.h">
      <Filter>commitlog</Filter>
    </ClInclude>
    <ClInclude Include="db\db_impl.h">
      <Filter>db</Filter>
    </ClInclude>
    <ClInclude Include="db\page_pool.h">
      <Filter>db</Filter>
    </ClInclude>
    <ClInclude Include="db\table_set.h">
      <Filter>db</Filter>
    </ClInclude>
    <ClInclude Include="expr\column_item.h">
      <Filter>expr</Filter>
    </ClInclude>
    <ClInclude Include="expr\expr_item.h">
      <Filter>expr</Filter>
    </ClInclude>
    <ClInclude Include="expr\group_opt.h">
      <Filter>expr</Filter>
    </ClInclude>
    <ClInclude Include="expr\insert_sql.h">
      <Filter>expr</Filter>
    </ClInclude>
    <ClInclude Include="expr\limit_opt.h">
      <Filter>expr</Filter>
    </ClInclude>
    <ClInclude Include="expr\orderby_opt.h">
      <Filter>expr</Filter>
    </ClInclude>
    <ClInclude Include="expr\parse.h">
      <Filter>expr</Filter>
    </ClInclude>
    <ClInclude Include="expr\pdb_db_int.h">
      <Filter>expr</Filter>
    </ClInclude>
    <ClInclude Include="expr\sql_parser.h">
      <Filter>expr</Filter>
    </ClInclude>
    <ClInclude Include="expr\tokenize.h">
      <Filter>expr</Filter>
    </ClInclude>
    <ClInclude Include="include\global_variable.h">
      <Filter>include</Filter>
    </ClInclude>
    <ClInclude Include="include\internal.h">
      <Filter>include</Filter>
    </ClInclude>
    <ClInclude Include="include\pdb.h">
      <Filter>include</Filter>
    </ClInclude>
    <ClInclude Include="include\pdb_error.h">
      <Filter>include</Filter>
    </ClInclude>
    <ClInclude Include="include\sys_table_schema.h">
      <Filter>include</Filter>
    </ClInclude>
    <ClInclude Include="port\mem_map_file.h">
      <Filter>port</Filter>
    </ClInclude>
    <ClInclude Include="port\os_file.h">
      <Filter>port</Filter>
    </ClInclude>
    <ClInclude Include="query\agg_avg_function.h">
      <Filter>query</Filter>
    </ClInclude>
    <ClInclude Include="query\agg_count_function.h">
      <Filter>query</Filter>
    </ClInclude>
    <ClInclude Include="query\agg_devid.h">
      <Filter>query</Filter>
    </ClInclude>
    <ClInclude Include="query\agg_first_function.h">
      <Filter>query</Filter>
    </ClInclude>
    <ClInclude Include="query\agg_last_function.h">
      <Filter>query</Filter>
    </ClInclude>
    <ClInclude Include="query\agg_max_function.h">
      <Filter>query</Filter>
    </ClInclude>
    <ClInclude Include="query\agg_min_function.h">
      <Filter>query</Filter>
    </ClInclude>
    <ClInclude Include="query\agg_sum_function.h">
      <Filter>query</Filter>
    </ClInclude>
    <ClInclude Include="query\agg_tstamp.h">
      <Filter>query</Filter>
    </ClInclude>
    <ClInclude Include="query\condition_filter.h">
      <Filter>query</Filter>
    </ClInclude>
    <ClInclude Include="query\condition_item.h">
      <Filter>query</Filter>
    </ClInclude>
    <ClInclude Include="query\data_table.h">
      <Filter>query</Filter>
    </ClInclude>
    <ClInclude Include="query\dev_filter.h">
      <Filter>query</Filter>
    </ClInclude>
    <ClInclude Include="query\raw_field.h">
      <Filter>query</Filter>
    </ClInclude>
    <ClInclude Include="query\result_field.h">
      <Filter>query</Filter>
    </ClInclude>
    <ClInclude Include="query\result_filter.h">
      <Filter>query</Filter>
    </ClInclude>
    <ClInclude Include="query\result_filter_group_all.h">
      <Filter>query</Filter>
    </ClInclude>
    <ClInclude Include="query\result_filter_group_devid.h">
      <Filter>query</Filter>
    </ClInclude>
    <ClInclude Include="query\result_filter_group_tstamp.h">
      <Filter>query</Filter>
    </ClInclude>
    <ClInclude Include="query\result_filter_raw.h">
      <Filter>query</Filter>
    </ClInclude>
    <ClInclude Include="query\result_object.h">
      <Filter>query</Filter>
    </ClInclude>
    <ClInclude Include="query\tstamp_filter.h">
      <Filter>query</Filter>
    </ClInclude>
    <ClInclude Include="server\event_handle.h">
      <Filter>server</Filter>
    </ClInclude>
    <ClInclude Include="server\iocp_event.h">
      <Filter>server</Filter>
    </ClInclude>
    <ClInclude Include="server\proto_header.h">
      <Filter>server</Filter>
    </ClInclude>
    <ClInclude Include="server\server_connection.h">
      <Filter>server</Filter>
    </ClInclude>
    <ClInclude Include="server\server_iocp.h">
      <Filter>server</Filter>
    </ClInclude>
    <ClInclude Include="server\server_pdb.h">
      <Filter>server</Filter>
    </ClInclude>
    <ClInclude Include="server\sys_config.h">
      <Filter>server</Filter>
    </ClInclude>
    <ClInclude Include="server\table_config.h">
      <Filter>server</Filter>
    </ClInclude>
    <ClInclude Include="server\user_config.h">
      <Filter>server</Filter>
    </ClInclude>
    <ClInclude Include="storage\comp_block_builder.h">
      <Filter>storage</Filter>
    </ClInclude>
    <ClInclude Include="storage\comp_data_part.h">
      <Filter>storage</Filter>
    </ClInclude>
    <ClInclude Include="storage\comp_format.h">
      <Filter>storage</Filter>
    </ClInclude>
    <ClInclude Include="storage\comp_part_builder.h">
      <Filter>storage</Filter>
    </ClInclude>
    <ClInclude Include="storage\comp_val_builder.h">
      <Filter>storage</Filter>
    </ClInclude>
    <ClInclude Include="storage\data_part.h">
      <Filter>storage</Filter>
    </ClInclude>
    <ClInclude Include="storage\normal_data_page.h">
      <Filter>storage</Filter>
    </ClInclude>
    <ClInclude Include="storage\normal_data_part.h">
      <Filter>storage</Filter>
    </ClInclude>
    <ClInclude Include="storage\normal_part_idx.h">
      <Filter>storage</Filter>
    </ClInclude>
    <ClInclude Include="storage\page_hdr.h">
      <Filter>storage</Filter>
    </ClInclude>
    <ClInclude Include="table\data_column.h">
      <Filter>table</Filter>
    </ClInclude>
    <ClInclude Include="table\db_obj.h">
      <Filter>table</Filter>
    </ClInclude>
    <ClInclude Include="table\db_value.h">
      <Filter>table</Filter>
    </ClInclude>
    <ClInclude Include="table\devid_table.h">
      <Filter>table</Filter>
    </ClInclude>
    <ClInclude Include="table\field_info.h">
      <Filter>table</Filter>
    </ClInclude>
    <ClInclude Include="table\mutex_manager.h">
      <Filter>table</Filter>
    </ClInclude>
    <ClInclude Include="table\pdb_table.h">
      <Filter>table</Filter>
    </ClInclude>
    <ClInclude Include="table\table_info.h">
      <Filter>table</Filter>
    </ClInclude>
    <ClInclude Include="table\table_part.h">
      <Filter>table</Filter>
    </ClInclude>
    <ClInclude Include="util\arena.h">
      <Filter>util</Filter>
    </ClInclude>
    <ClInclude Include="util\coding.h">
      <Filter>util</Filter>
    </ClInclude>
    <ClInclude Include="util\date_time.h">
      <Filter>util</Filter>
    </ClInclude>
    <ClInclude Include="util\dbg.h">
      <Filter>util</Filter>
    </ClInclude>
    <ClInclude Include="util\ker_list.h">
      <Filter>util</Filter>
    </ClInclude>
    <ClInclude Include="util\log_util.h">
      <Filter>util</Filter>
    </ClInclude>
    <ClInclude Include="util\object_pool.h">
      <Filter>util</Filter>
    </ClInclude>
    <ClInclude Include="util\performance_counter.h">
      <Filter>util</Filter>
    </ClInclude>
    <ClInclude Include="util\random.h">
      <Filter>util</Filter>
    </ClInclude>
    <ClInclude Include="util\ref_util.h">
      <Filter>util</Filter>
    </ClInclude>
    <ClInclude Include="util\skip_list.h">
      <Filter>util</Filter>
    </ClInclude>
    <ClInclude Include="util\string_tool.h">
      <Filter>util</Filter>
    </ClInclude>
    <ClInclude Include="query\result_filter_snapshot_raw.h">
      <Filter>query</Filter>
    </ClInclude>
    <ClInclude Include="query\snapshot_result_filter.h">
      <Filter>query</Filter>
    </ClInclude>
  </ItemGroup>
  <ItemGroup>
    <ClCompile Include="commitlog\commit_log_file.cpp">
      <Filter>commitlog</Filter>
    </ClCompile>
    <ClCompile Include="commitlog\commit_log_list.cpp">
      <Filter>commitlog</Filter>
    </ClCompile>
    <ClCompile Include="db\db_impl.cpp">
      <Filter>db</Filter>
    </ClCompile>
    <ClCompile Include="db\page_pool.cpp">
      <Filter>db</Filter>
    </ClCompile>
    <ClCompile Include="db\table_set.cpp">
      <Filter>db</Filter>
    </ClCompile>
    <ClCompile Include="expr\column_item.cpp">
      <Filter>expr</Filter>
    </ClCompile>
    <ClCompile Include="expr\expr_item.cpp">
      <Filter>expr</Filter>
    </ClCompile>
    <ClCompile Include="expr\group_opt.cpp">
      <Filter>expr</Filter>
    </ClCompile>
    <ClCompile Include="expr\insert_sql.cpp">
      <Filter>expr</Filter>
    </ClCompile>
    <ClCompile Include="expr\limit_opt.cpp">
      <Filter>expr</Filter>
    </ClCompile>
    <ClCompile Include="expr\parse.cpp">
      <Filter>expr</Filter>
    </ClCompile>
    <ClCompile Include="expr\pdb_db_int.cpp">
      <Filter>expr</Filter>
    </ClCompile>
    <ClCompile Include="expr\sql_parser.cpp">
      <Filter>expr</Filter>
    </ClCompile>
    <ClCompile Include="expr\tokenize.cpp">
      <Filter>expr</Filter>
    </ClCompile>
    <ClCompile Include="port\mem_map_file.cpp">
      <Filter>port</Filter>
    </ClCompile>
    <ClCompile Include="port\os_file.cpp">
      <Filter>port</Filter>
    </ClCompile>
    <ClCompile Include="query\condition_filter.cpp">
      <Filter>query</Filter>
    </ClCompile>
    <ClCompile Include="query\data_table.cpp">
      <Filter>query</Filter>
    </ClCompile>
    <ClCompile Include="query\dev_filter.cpp">
      <Filter>query</Filter>
    </ClCompile>
    <ClCompile Include="query\result_filter.cpp">
      <Filter>query</Filter>
    </ClCompile>
    <ClCompile Include="query\result_filter_group_all.cpp">
      <Filter>query</Filter>
    </ClCompile>
    <ClCompile Include="query\result_filter_group_devid.cpp">
      <Filter>query</Filter>
    </ClCompile>
    <ClCompile Include="query\result_filter_group_tstamp.cpp">
      <Filter>query</Filter>
    </ClCompile>
    <ClCompile Include="query\result_filter_raw.cpp">
      <Filter>query</Filter>
    </ClCompile>
    <ClCompile Include="query\result_object.cpp">
      <Filter>query</Filter>
    </ClCompile>
    <ClCompile Include="query\tstamp_filter.cpp">
      <Filter>query</Filter>
    </ClCompile>
    <ClCompile Include="server\event_handle.cpp">
      <Filter>server</Filter>
    </ClCompile>
    <ClCompile Include="server\proto_header.cpp">
      <Filter>server</Filter>
    </ClCompile>
    <ClCompile Include="server\server_connection.cpp">
      <Filter>server</Filter>
    </ClCompile>
    <ClCompile Include="server\server_iocp.cpp">
      <Filter>server</Filter>
    </ClCompile>
    <ClCompile Include="server\server_pdb.cpp">
      <Filter>server</Filter>
    </ClCompile>
    <ClCompile Include="server\service_win.cpp">
      <Filter>server</Filter>
    </ClCompile>
    <ClCompile Include="server\sys_config.cpp">
      <Filter>server</Filter>
    </ClCompile>
    <ClCompile Include="server\table_config.cpp">
      <Filter>server</Filter>
    </ClCompile>
    <ClCompile Include="server\user_config.cpp">
      <Filter>server</Filter>
    </ClCompile>
    <ClCompile Include="storage\comp_block_builder.cpp">
      <Filter>storage</Filter>
    </ClCompile>
    <ClCompile Include="storage\comp_data_part.cpp">
      <Filter>storage</Filter>
    </ClCompile>
    <ClCompile Include="storage\comp_part_builder.cpp">
      <Filter>storage</Filter>
    </ClCompile>
    <ClCompile Include="storage\comp_val_builder.cpp">
      <Filter>storage</Filter>
    </ClCompile>
    <ClCompile Include="storage\data_part.cpp">
      <Filter>storage</Filter>
    </ClCompile>
    <ClCompile Include="storage\normal_data_page.cpp">
      <Filter>storage</Filter>
    </ClCompile>
    <ClCompile Include="storage\normal_data_part.cpp">
      <Filter>storage</Filter>
    </ClCompile>
    <ClCompile Include="storage\normal_part_idx.cpp">
      <Filter>storage</Filter>
    </ClCompile>
    <ClCompile Include="table\data_column.cpp">
      <Filter>table</Filter>
    </ClCompile>
    <ClCompile Include="table\db_obj.cpp">
      <Filter>table</Filter>
    </ClCompile>
    <ClCompile Include="table\devid_table.cpp">
      <Filter>table</Filter>
    </ClCompile>
    <ClCompile Include="table\field_info.cpp">
      <Filter>table</Filter>
    </ClCompile>
    <ClCompile Include="table\pdb_table.cpp">
      <Filter>table</Filter>
    </ClCompile>
    <ClCompile Include="table\table_info.cpp">
      <Filter>table</Filter>
    </ClCompile>
    <ClCompile Include="util\arena.cpp">
      <Filter>util</Filter>
    </ClCompile>
    <ClCompile Include="util\date_time.cpp">
      <Filter>util</Filter>
    </ClCompile>
    <ClCompile Include="util\dbg.cpp">
      <Filter>util</Filter>
    </ClCompile>
    <ClCompile Include="util\ker_list.cpp">
      <Filter>util</Filter>
    </ClCompile>
    <ClCompile Include="util\object_pool.cpp">
      <Filter>util</Filter>
    </ClCompile>
    <ClCompile Include="util\ref_util.cpp">
      <Filter>util</Filter>
    </ClCompile>
    <ClCompile Include="util\string_tool.cpp">
      <Filter>util</Filter>
    </ClCompile>
    <ClCompile Include="query\result_filter_snapshot_raw.cpp">
      <Filter>query</Filter>
    </ClCompile>
  </ItemGroup>
</Project>