
Microsoft Visual Studio Solution File, Format Version 12.00
# Visual Studio 14
VisualStudioVersion = 14.0.25420.1
MinimumVisualStudioVersion = 10.0.40219.1
Project("{2150E333-8FDC-42A3-9474-1A3956D46DE8}") = "connector", "connector", "{65AC8C54-9A72-4AE0-8E3C-50DF5BBA35B6}"
EndProject
Project("{2150E333-8FDC-42A3-9474-1A3956D46DE8}") = "pdbmanager", "pdbmanager", "{06DBE9B3-140B-41E3-BF24-99502460DA65}"
EndProject
Project("{8BC9CEB8-8B4A-11D0-8D11-00A0C91BC942}") = "pinusdb", "pinusdb\pinusdb.vcxproj", "{8B5F173B-C25D-4B5E-89AD-3F6D645BC743}"
EndProject
Project("{2150E333-8FDC-42A3-9474-1A3956D46DE8}") = "deps", "deps", "{B30F9462-1A25-45CA-9D43-7EE65B5BBC54}"
EndProject
Project("{8BC9CEB8-8B4A-11D0-8D11-00A0C91BC942}") = "zlib", "deps\zlib\zlib.vcxproj", "{EDA1753A-8E13-4984-9502-18674B0D3964}"
EndProject
Project("{FAE04EC0-301F-11D3-BF4B-00C04F79EFBC}") = "PDBManager", "pdbmanager\pdbmanager\PDBManager.csproj", "{7AF104CA-7BAA-4629-A165-B8701123E197}"
EndProject
Project("{FAE04EC0-301F-11D3-BF4B-00C04F79EFBC}") = "ICSharpCode.TextEditor", "pdbmanager\ICSharpCode.TextEditor\ICSharpCode.TextEditor.csproj", "{2D18BE89-D210-49EB-A9DD-2246FBB3DF6D}"
EndProject
Project("{8BC9CEB8-8B4A-11D0-8D11-00A0C91BC942}") = "pdb_csdk", "connector\pdb_csdk\pdb_csdk.vcxproj", "{50DCD690-6D3F-4902-B3C3-E8382757BC5C}"
EndProject
Project("{FAE04EC0-301F-11D3-BF4B-00C04F79EFBC}") = "PDB.DotNetSDK", "connector\PDB.DotNetSDK\PDB.DotNetSDK.csproj", "{A74F044B-490D-46CE-904A-C34E4A85D42A}"
EndProject
Global
	GlobalSection(SolutionConfigurationPlatforms) = preSolution
		Debug|Any CPU = Debug|Any CPU
		Debug|x64 = Debug|x64
		Debug|x86 = Debug|x86
		Release|Any CPU = Release|Any CPU
		Release|x64 = Release|x64
		Release|x86 = Release|x86
	EndGlobalSection
	GlobalSection(ProjectConfigurationPlatforms) = postSolution
		{8B5F173B-C25D-4B5E-89AD-3F6D645BC743}.Debug|Any CPU.ActiveCfg = Debug|Win32
		{8B5F173B-C25D-4B5E-89AD-3F6D645BC743}.Debug|x64.ActiveCfg = Debug|x64
		{8B5F173B-C25D-4B5E-89AD-3F6D645BC743}.Debug|x64.Build.0 = Debug|x64
		{8B5F173B-C25D-4B5E-89AD-3F6D645BC743}.Debug|x86.ActiveCfg = Debug|Win32
		{8B5F173B-C25D-4B5E-89AD-3F6D645BC743}.Debug|x86.Build.0 = Debug|Win32
		{8B5F173B-C25D-4B5E-89AD-3F6D645BC743}.Release|Any CPU.ActiveCfg = Release|Win32
		{8B5F173B-C25D-4B5E-89AD-3F6D645BC743}.Release|x64.ActiveCfg = Release|x64
		{8B5F173B-C25D-4B5E-89AD-3F6D645BC743}.Release|x64.Build.0 = Release|x64
		{8B5F173B-C25D-4B5E-89AD-3F6D645BC743}.Release|x86.ActiveCfg = Release|Win32
		{8B5F173B-C25D-4B5E-89AD-3F6D645BC743}.Release|x86.Build.0 = Release|Win32
		{EDA1753A-8E13-4984-9502-18674B0D3964}.Debug|Any CPU.ActiveCfg = Debug|Win32
		{EDA1753A-8E13-4984-9502-18674B0D3964}.Debug|x64.ActiveCfg = Debug|x64
		{EDA1753A-8E13-4984-9502-18674B0D3964}.Debug|x64.Build.0 = Debug|x64
		{EDA1753A-8E13-4984-9502-18674B0D3964}.Debug|x86.ActiveCfg = Debug|Win32
		{EDA1753A-8E13-4984-9502-18674B0D3964}.Debug|x86.Build.0 = Debug|Win32
		{EDA1753A-8E13-4984-9502-18674B0D3964}.Release|Any CPU.ActiveCfg = Release|Win32
		{EDA1753A-8E13-4984-9502-18674B0D3964}.Release|x64.ActiveCfg = Release|x64
		{EDA1753A-8E13-4984-9502-18674B0D3964}.Release|x64.Build.0 = Release|x64
		{EDA1753A-8E13-4984-9502-18674B0D3964}.Release|x86.ActiveCfg = Release|Win32
		{EDA1753A-8E13-4984-9502-18674B0D3964}.Release|x86.Build.0 = Release|Win32
		{7AF104CA-7BAA-4629-A165-B8701123E197}.Debug|Any CPU.ActiveCfg = Debug|Any CPU
		{7AF104CA-7BAA-4629-A165-B8701123E197}.Debug|Any CPU.Build.0 = Debug|Any CPU
		{7AF104CA-7BAA-4629-A165-B8701123E197}.Debug|x64.ActiveCfg = Debug|Any CPU
		{7AF104CA-7BAA-4629-A165-B8701123E197}.Debug|x64.Build.0 = Debug|Any CPU
		{7AF104CA-7BAA-4629-A165-B8701123E197}.Debug|x86.ActiveCfg = Debug|Any CPU
		{7AF104CA-7BAA-4629-A165-B8701123E197}.Debug|x86.Build.0 = Debug|Any CPU
		{7AF104CA-7BAA-4629-A165-B8701123E197}.Release|Any CPU.ActiveCfg = Release|Any CPU
		{7AF104CA-7BAA-4629-A165-B8701123E197}.Release|Any CPU.Build.0 = Release|Any CPU
		{7AF104CA-7BAA-4629-A165-B8701123E197}.Release|x64.ActiveCfg = Release|Any CPU
		{7AF104CA-7BAA-4629-A165-B8701123E197}.Release|x64.Build.0 = Release|Any CPU
		{7AF104CA-7BAA-4629-A165-B8701123E197}.Release|x86.ActiveCfg = Release|Any CPU
		{7AF104CA-7BAA-4629-A165-B8701123E197}.Release|x86.Build.0 = Release|Any CPU
		{2D18BE89-D210-49EB-A9DD-2246FBB3DF6D}.Debug|Any CPU.ActiveCfg = Debug|Any CPU
		{2D18BE89-D210-49EB-A9DD-2246FBB3DF6D}.Debug|Any CPU.Build.0 = Debug|Any CPU
		{2D18BE89-D210-49EB-A9DD-2246FBB3DF6D}.Debug|x64.ActiveCfg = Debug|Any CPU
		{2D18BE89-D210-49EB-A9DD-2246FBB3DF6D}.Debug|x64.Build.0 = Debug|Any CPU
		{2D18BE89-D210-49EB-A9DD-2246FBB3DF6D}.Debug|x86.ActiveCfg = Debug|Any CPU
		{2D18BE89-D210-49EB-A9DD-2246FBB3DF6D}.Debug|x86.Build.0 = Debug|Any CPU
		{2D18BE89-D210-49EB-A9DD-2246FBB3DF6D}.Release|Any CPU.ActiveCfg = Release|Any CPU
		{2D18BE89-D210-49EB-A9DD-2246FBB3DF6D}.Release|Any CPU.Build.0 = Release|Any CPU
		{2D18BE89-D210-49EB-A9DD-2246FBB3DF6D}.Release|x64.ActiveCfg = Release|Any CPU
		{2D18BE89-D210-49EB-A9DD-2246FBB3DF6D}.Release|x64.Build.0 = Release|Any CPU
		{2D18BE89-D210-49EB-A9DD-2246FBB3DF6D}.Release|x86.ActiveCfg = Release|Any CPU
		{2D18BE89-D210-49EB-A9DD-2246FBB3DF6D}.Release|x86.Build.0 = Release|Any CPU
		{50DCD690-6D3F-4902-B3C3-E8382757BC5C}.Debug|Any CPU.ActiveCfg = Debug|Win32
		{50DCD690-6D3F-4902-B3C3-E8382757BC5C}.Debug|x64.ActiveCfg = Debug|x64
		{50DCD690-6D3F-4902-B3C3-E8382757BC5C}.Debug|x64.Build.0 = Debug|x64
		{50DCD690-6D3F-4902-B3C3-E8382757BC5C}.Debug|x86.ActiveCfg = Debug|Win32
		{50DCD690-6D3F-4902-B3C3-E8382757BC5C}.Debug|x86.Build.0 = Debug|Win32
		{50DCD690-6D3F-4902-B3C3-E8382757BC5C}.Release|Any CPU.ActiveCfg = Release|Win32
		{50DCD690-6D3F-4902-B3C3-E8382757BC5C}.Release|x64.ActiveCfg = Release|x64
		{50DCD690-6D3F-4902-B3C3-E8382757BC5C}.Release|x64.Build.0 = Release|x64
		{50DCD690-6D3F-4902-B3C3-E8382757BC5C}.Release|x86.ActiveCfg = Release|Win32
		{50DCD690-6D3F-4902-B3C3-E8382757BC5C}.Release|x86.Build.0 = Release|Win32
		{A74F044B-490D-46CE-904A-C34E4A85D42A}.Debug|Any CPU.ActiveCfg = Debug|Any CPU
		{A74F044B-490D-46CE-904A-C34E4A85D42A}.Debug|Any CPU.Build.0 = Debug|Any CPU
		{A74F044B-490D-46CE-904A-C34E4A85D42A}.Debug|x64.ActiveCfg = Debug|Any CPU
		{A74F044B-490D-46CE-904A-C34E4A85D42A}.Debug|x64.Build.0 = Debug|Any CPU
		{A74F044B-490D-46CE-904A-C34E4A85D42A}.Debug|x86.ActiveCfg = Debug|Any CPU
		{A74F044B-490D-46CE-904A-C34E4A85D42A}.Debug|x86.Build.0 = Debug|Any CPU
		{A74F044B-490D-46CE-904A-C34E4A85D42A}.Release|Any CPU.ActiveCfg = Release|Any CPU
		{A74F044B-490D-46CE-904A-C34E4A85D42A}.Release|Any CPU.Build.0 = Release|Any CPU
		{A74F044B-490D-46CE-904A-C34E4A85D42A}.Release|x64.ActiveCfg = Release|Any CPU
		{A74F044B-490D-46CE-904A-C34E4A85D42A}.Release|x64.Build.0 = Release|Any CPU
		{A74F044B-490D-46CE-904A-C34E4A85D42A}.Release|x86.ActiveCfg = Release|Any CPU
		{A74F044B-490D-46CE-904A-C34E4A85D42A}.Release|x86.Build.0 = Release|Any CPU
	EndGlobalSection
	GlobalSection(SolutionProperties) = preSolution
		HideSolutionNode = FALSE
	EndGlobalSection
	GlobalSection(NestedProjects) = preSolution
		{EDA1753A-8E13-4984-9502-18674B0D3964} = {B30F9462-1A25-45CA-9D43-7EE65B5BBC54}
		{7AF104CA-7BAA-4629-A165-B8701123E197} = {06DBE9B3-140B-41E3-BF24-99502460DA65}
		{2D18BE89-D210-49EB-A9DD-2246FBB3DF6D} = {06DBE9B3-140B-41E3-BF24-99502460DA65}
		{50DCD690-6D3F-4902-B3C3-E8382757BC5C} = {65AC8C54-9A72-4AE0-8E3C-50DF5BBA35B6}
		{A74F044B-490D-46CE-904A-C34E4A85D42A} = {65AC8C54-9A72-4AE0-8E3C-50DF5BBA35B6}
	EndGlobalSection
EndGlobal
